<<<<<<< HEAD
=======
github.com/AidarZhaxylykuly/Golang v0.0.0-20240204164820-2799b7797ea4 h1:HJeqh7vn4ER4Y2UZsUbdwqQucZOTTMxf6+KEoFcmZBI=
github.com/AidarZhaxylykuly/Golang v0.0.0-20240204164820-2799b7797ea4/go.mod h1:irAdH9CJ9QRCRhN5AQH3Bi5xUyVkP6A+lkdIzS11N9Y=
>>>>>>> 65e4009f14743a6227e0bcc1b7d18e47251d4772
github.com/gorilla/mux v1.8.1 h1:TuBL49tXwgrFYWhqrNgrUNEY92u81SPhu7sTdzQEiWY=
github.com/gorilla/mux v1.8.1/go.mod h1:AKf9I4AEqPTmMytcMc0KkNouC66V3BtZ4qD5fmWSiMQ=
